// !$*UTF8*$!
{
	archiveVersion = 1;
	classes = {
	};
	objectVersion = 46;
	objects = {

/* Begin PBXBuildFile section */
		4D8BE92218CE99DD005AB117 /* MyAnnotation.m in Sources */ = {isa = PBXBuildFile; fileRef = 4D8BE92118CE99DD005AB117 /* MyAnnotation.m */; };
		4DC2BF0918CCCA3500C9C6D7 /* Foundation.framework in Frameworks */ = {isa = PBXBuildFile; fileRef = 4DC2BF0818CCCA3500C9C6D7 /* Foundation.framework */; };
		4DC2BF0B18CCCA3500C9C6D7 /* CoreGraphics.framework in Frameworks */ = {isa = PBXBuildFile; fileRef = 4DC2BF0A18CCCA3500C9C6D7 /* CoreGraphics.framework */; };
		4DC2BF0D18CCCA3500C9C6D7 /* UIKit.framework in Frameworks */ = {isa = PBXBuildFile; fileRef = 4DC2BF0C18CCCA3500C9C6D7 /* UIKit.framework */; };
		4DC2BF1318CCCA3500C9C6D7 /* InfoPlist.strings in Resources */ = {isa = PBXBuildFile; fileRef = 4DC2BF1118CCCA3500C9C6D7 /* InfoPlist.strings */; };
		4DC2BF1518CCCA3500C9C6D7 /* main.m in Sources */ = {isa = PBXBuildFile; fileRef = 4DC2BF1418CCCA3500C9C6D7 /* main.m */; };
		4DC2BF1918CCCA3500C9C6D7 /* AppDelegate.m in Sources */ = {isa = PBXBuildFile; fileRef = 4DC2BF1818CCCA3500C9C6D7 /* AppDelegate.m */; };
		4DC2BF1B18CCCA3500C9C6D7 /* Images.xcassets in Resources */ = {isa = PBXBuildFile; fileRef = 4DC2BF1A18CCCA3500C9C6D7 /* Images.xcassets */; };
		4DC2BF2218CCCA3500C9C6D7 /* XCTest.framework in Frameworks */ = {isa = PBXBuildFile; fileRef = 4DC2BF2118CCCA3500C9C6D7 /* XCTest.framework */; };
		4DC2BF2318CCCA3500C9C6D7 /* Foundation.framework in Frameworks */ = {isa = PBXBuildFile; fileRef = 4DC2BF0818CCCA3500C9C6D7 /* Foundation.framework */; };
		4DC2BF2418CCCA3500C9C6D7 /* UIKit.framework in Frameworks */ = {isa = PBXBuildFile; fileRef = 4DC2BF0C18CCCA3500C9C6D7 /* UIKit.framework */; };
		4DC2BF2C18CCCA3500C9C6D7 /* InfoPlist.strings in Resources */ = {isa = PBXBuildFile; fileRef = 4DC2BF2A18CCCA3500C9C6D7 /* InfoPlist.strings */; };
		4DC2BF2E18CCCA3500C9C6D7 /* TestForMapKitTests.m in Sources */ = {isa = PBXBuildFile; fileRef = 4DC2BF2D18CCCA3500C9C6D7 /* TestForMapKitTests.m */; };
		4DC2BF3918CCCA4600C9C6D7 /* MapViewController.m in Sources */ = {isa = PBXBuildFile; fileRef = 4DC2BF3818CCCA4600C9C6D7 /* MapViewController.m */; };
/* End PBXBuildFile section */

/* Begin PBXContainerItemProxy section */
		4DC2BF2518CCCA3500C9C6D7 /* PBXContainerItemProxy */ = {
			isa = PBXContainerItemProxy;
			containerPortal = 4DC2BEFD18CCCA3500C9C6D7 /* Project object */;
			proxyType = 1;
			remoteGlobalIDString = 4DC2BF0418CCCA3500C9C6D7;
			remoteInfo = TestForMapKit;
		};
/* End PBXContainerItemProxy section */

/* Begin PBXFileReference section */
		4D8BE92018CE99DD005AB117 /* MyAnnotation.h */ = {isa = PBXFileReference; fileEncoding = 4; lastKnownFileType = sourcecode.c.h; path = MyAnnotation.h; sourceTree = "<group>"; };
		4D8BE92118CE99DD005AB117 /* MyAnnotation.m */ = {isa = PBXFileReference; fileEncoding = 4; lastKnownFileType = sourcecode.c.objc; path = MyAnnotation.m; sourceTree = "<group>"; };
		4DC2BF0518CCCA3500C9C6D7 /* TestForMapKit.app */ = {isa = PBXFileReference; explicitFileType = wrapper.application; includeInIndex = 0; path = TestForMapKit.app; sourceTree = BUILT_PRODUCTS_DIR; };
		4DC2BF0818CCCA3500C9C6D7 /* Foundation.framework */ = {isa = PBXFileReference; lastKnownFileType = wrapper.framework; name = Foundation.framework; path = System/Library/Frameworks/Foundation.framework; sourceTree = SDKROOT; };
		4DC2BF0A18CCCA3500C9C6D7 /* CoreGraphics.framework */ = {isa = PBXFileReference; lastKnownFileType = wrapper.framework; name = CoreGraphics.framework; path = System/Library/Frameworks/CoreGraphics.framework; sourceTree = SDKROOT; };
		4DC2BF0C18CCCA3500C9C6D7 /* UIKit.framework */ = {isa = PBXFileReference; lastKnownFileType = wrapper.framework; name = UIKit.framework; path = System/Library/Frameworks/UIKit.framework; sourceTree = SDKROOT; };
		4DC2BF1018CCCA3500C9C6D7 /* TestForMapKit-Info.plist */ = {isa = PBXFileReference; lastKnownFileType = text.plist.xml; path = "TestForMapKit-Info.plist"; sourceTree = "<group>"; };
		4DC2BF1218CCCA3500C9C6D7 /* en */ = {isa = PBXFileReference; lastKnownFileType = text.plist.strings; name = en; path = en.lproj/InfoPlist.strings; sourceTree = "<group>"; };
		4DC2BF1418CCCA3500C9C6D7 /* main.m */ = {isa = PBXFileReference; lastKnownFileType = sourcecode.c.objc; path = main.m; sourceTree = "<group>"; };
		4DC2BF1618CCCA3500C9C6D7 /* TestForMapKit-Prefix.pch */ = {isa = PBXFileReference; lastKnownFileType = sourcecode.c.h; path = "TestForMapKit-Prefix.pch"; sourceTree = "<group>"; };
		4DC2BF1718CCCA3500C9C6D7 /* AppDelegate.h */ = {isa = PBXFileReference; lastKnownFileType = sourcecode.c.h; path = AppDelegate.h; sourceTree = "<group>"; };
		4DC2BF1818CCCA3500C9C6D7 /* AppDelegate.m */ = {isa = PBXFileReference; lastKnownFileType = sourcecode.c.objc; path = AppDelegate.m; sourceTree = "<group>"; };
		4DC2BF1A18CCCA3500C9C6D7 /* Images.xcassets */ = {isa = PBXFileReference; lastKnownFileType = folder.assetcatalog; path = Images.xcassets; sourceTree = "<group>"; };
		4DC2BF2018CCCA3500C9C6D7 /* TestForMapKitTests.xctest */ = {isa = PBXFileReference; explicitFileType = wrapper.cfbundle; includeInIndex = 0; path = TestForMapKitTests.xctest; sourceTree = BUILT_PRODUCTS_DIR; };
		4DC2BF2118CCCA3500C9C6D7 /* XCTest.framework */ = {isa = PBXFileReference; lastKnownFileType = wrapper.framework; name = XCTest.framework; path = Library/Frameworks/XCTest.framework; sourceTree = DEVELOPER_DIR; };
		4DC2BF2918CCCA3500C9C6D7 /* TestForMapKitTests-Info.plist */ = {isa = PBXFileReference; lastKnownFileType = text.plist.xml; path = "TestForMapKitTests-Info.plist"; sourceTree = "<group>"; };
		4DC2BF2B18CCCA3500C9C6D7 /* en */ = {isa = PBXFileReference; lastKnownFileType = text.plist.strings; name = en; path = en.lproj/InfoPlist.strings; sourceTree = "<group>"; };
		4DC2BF2D18CCCA3500C9C6D7 /* TestForMapKitTests.m */ = {isa = PBXFileReference; lastKnownFileType = sourcecode.c.objc; path = TestForMapKitTests.m; sourceTree = "<group>"; };
		4DC2BF3718CCCA4600C9C6D7 /* MapViewController.h */ = {isa = PBXFileReference; fileEncoding = 4; lastKnownFileType = sourcecode.c.h; path = MapViewController.h; sourceTree = "<group>"; };
		4DC2BF3818CCCA4600C9C6D7 /* MapViewController.m */ = {isa = PBXFileReference; fileEncoding = 4; lastKnownFileType = sourcecode.c.objc; path = MapViewController.m; sourceTree = "<group>"; };
/* End PBXFileReference section */

/* Begin PBXFrameworksBuildPhase section */
		4DC2BF0218CCCA3500C9C6D7 /* Frameworks */ = {
			isa = PBXFrameworksBuildPhase;
			buildActionMask = 2147483647;
			files = (
				4DC2BF0B18CCCA3500C9C6D7 /* CoreGraphics.framework in Frameworks */,
				4DC2BF0D18CCCA3500C9C6D7 /* UIKit.framework in Frameworks */,
				4DC2BF0918CCCA3500C9C6D7 /* Foundation.framework in Frameworks */,
			);
			runOnlyForDeploymentPostprocessing = 0;
		};
		4DC2BF1D18CCCA3500C9C6D7 /* Frameworks */ = {
			isa = PBXFrameworksBuildPhase;
			buildActionMask = 2147483647;
			files = (
				4DC2BF2218CCCA3500C9C6D7 /* XCTest.framework in Frameworks */,
				4DC2BF2418CCCA3500C9C6D7 /* UIKit.framework in Frameworks */,
				4DC2BF2318CCCA3500C9C6D7 /* Foundation.framework in Frameworks */,
			);
			runOnlyForDeploymentPostprocessing = 0;
		};
/* End PBXFrameworksBuildPhase section */

/* Begin PBXGroup section */
		4DC2BEFC18CCCA3500C9C6D7 = {
			isa = PBXGroup;
			children = (
				4DC2BF0E18CCCA3500C9C6D7 /* TestForMapKit */,
				4DC2BF2718CCCA3500C9C6D7 /* TestForMapKitTests */,
				4DC2BF0718CCCA3500C9C6D7 /* Frameworks */,
				4DC2BF0618CCCA3500C9C6D7 /* Products */,
			);
			sourceTree = "<group>";
		};
		4DC2BF0618CCCA3500C9C6D7 /* Products */ = {
			isa = PBXGroup;
			children = (
				4DC2BF0518CCCA3500C9C6D7 /* TestForMapKit.app */,
				4DC2BF2018CCCA3500C9C6D7 /* TestForMapKitTests.xctest */,
			);
			name = Products;
			sourceTree = "<group>";
		};
		4DC2BF0718CCCA3500C9C6D7 /* Frameworks */ = {
			isa = PBXGroup;
			children = (
				4DC2BF0818CCCA3500C9C6D7 /* Foundation.framework */,
				4DC2BF0A18CCCA3500C9C6D7 /* CoreGraphics.framework */,
				4DC2BF0C18CCCA3500C9C6D7 /* UIKit.framework */,
				4DC2BF2118CCCA3500C9C6D7 /* XCTest.framework */,
			);
			name = Frameworks;
			sourceTree = "<group>";
		};
		4DC2BF0E18CCCA3500C9C6D7 /* TestForMapKit */ = {
			isa = PBXGroup;
			children = (
				4DC2BF1718CCCA3500C9C6D7 /* AppDelegate.h */,
				4DC2BF1818CCCA3500C9C6D7 /* AppDelegate.m */,
				4DC2BF1A18CCCA3500C9C6D7 /* Images.xcassets */,
				4DC2BF0F18CCCA3500C9C6D7 /* Supporting Files */,
				4DC2BF3718CCCA4600C9C6D7 /* MapViewController.h */,
				4DC2BF3818CCCA4600C9C6D7 /* MapViewController.m */,
				4D8BE92018CE99DD005AB117 /* MyAnnotation.h */,
				4D8BE92118CE99DD005AB117 /* MyAnnotation.m */,
			);
			path = TestForMapKit;
			sourceTree = "<group>";
		};
		4DC2BF0F18CCCA3500C9C6D7 /* Supporting Files */ = {
			isa = PBXGroup;
			children = (
				4DC2BF1018CCCA3500C9C6D7 /* TestForMapKit-Info.plist */,
				4DC2BF1118CCCA3500C9C6D7 /* InfoPlist.strings */,
				4DC2BF1418CCCA3500C9C6D7 /* main.m */,
				4DC2BF1618CCCA3500C9C6D7 /* TestForMapKit-Prefix.pch */,
			);
			name = "Supporting Files";
			sourceTree = "<group>";
		};
		4DC2BF2718CCCA3500C9C6D7 /* TestForMapKitTests */ = {
			isa = PBXGroup;
			children = (
				4DC2BF2D18CCCA3500C9C6D7 /* TestForMapKitTests.m */,
				4DC2BF2818CCCA3500C9C6D7 /* Supporting Files */,
			);
			path = TestForMapKitTests;
			sourceTree = "<group>";
		};
		4DC2BF2818CCCA3500C9C6D7 /* Supporting Files */ = {
			isa = PBXGroup;
			children = (
				4DC2BF2918CCCA3500C9C6D7 /* TestForMapKitTests-Info.plist */,
				4DC2BF2A18CCCA3500C9C6D7 /* InfoPlist.strings */,
			);
			name = "Supporting Files";
			sourceTree = "<group>";
		};
/* End PBXGroup section */

/* Begin PBXNativeTarget section */
		4DC2BF0418CCCA3500C9C6D7 /* TestForMapKit */ = {
			isa = PBXNativeTarget;
			buildConfigurationList = 4DC2BF3118CCCA3500C9C6D7 /* Build configuration list for PBXNativeTarget "TestForMapKit" */;
			buildPhases = (
				4DC2BF0118CCCA3500C9C6D7 /* Sources */,
				4DC2BF0218CCCA3500C9C6D7 /* Frameworks */,
				4DC2BF0318CCCA3500C9C6D7 /* Resources */,
			);
			buildRules = (
			);
			dependencies = (
			);
			name = TestForMapKit;
			productName = TestForMapKit;
			productReference = 4DC2BF0518CCCA3500C9C6D7 /* TestForMapKit.app */;
			productType = "com.apple.product-type.application";
		};
		4DC2BF1F18CCCA3500C9C6D7 /* TestForMapKitTests */ = {
			isa = PBXNativeTarget;
			buildConfigurationList = 4DC2BF3418CCCA3500C9C6D7 /* Build configuration list for PBXNativeTarget "TestForMapKitTests" */;
			buildPhases = (
				4DC2BF1C18CCCA3500C9C6D7 /* Sources */,
				4DC2BF1D18CCCA3500C9C6D7 /* Frameworks */,
				4DC2BF1E18CCCA3500C9C6D7 /* Resources */,
			);
			buildRules = (
			);
			dependencies = (
				4DC2BF2618CCCA3500C9C6D7 /* PBXTargetDependency */,
			);
			name = TestForMapKitTests;
			productName = TestForMapKitTests;
			productReference = 4DC2BF2018CCCA3500C9C6D7 /* TestForMapKitTests.xctest */;
			productType = "com.apple.product-type.bundle.unit-test";
		};
/* End PBXNativeTarget section */

/* Begin PBXProject section */
		4DC2BEFD18CCCA3500C9C6D7 /* Project object */ = {
			isa = PBXProject;
			attributes = {
				LastUpgradeCheck = 0500;
				ORGANIZATIONNAME = "H QS";
				TargetAttributes = {
					4DC2BF1F18CCCA3500C9C6D7 = {
						TestTargetID = 4DC2BF0418CCCA3500C9C6D7;
					};
				};
			};
			buildConfigurationList = 4DC2BF0018CCCA3500C9C6D7 /* Build configuration list for PBXProject "TestForMapKit" */;
			compatibilityVersion = "Xcode 3.2";
			developmentRegion = English;
			hasScannedForEncodings = 0;
			knownRegions = (
				en,
			);
			mainGroup = 4DC2BEFC18CCCA3500C9C6D7;
			productRefGroup = 4DC2BF0618CCCA3500C9C6D7 /* Products */;
			projectDirPath = "";
			projectRoot = "";
			targets = (
				4DC2BF0418CCCA3500C9C6D7 /* TestForMapKit */,
				4DC2BF1F18CCCA3500C9C6D7 /* TestForMapKitTests */,
			);
		};
/* End PBXProject section */

/* Begin PBXResourcesBuildPhase section */
		4DC2BF0318CCCA3500C9C6D7 /* Resources */ = {
			isa = PBXResourcesBuildPhase;
			buildActionMask = 2147483647;
			files = (
				4DC2BF1318CCCA3500C9C6D7 /* InfoPlist.strings in Resources */,
				4DC2BF1B18CCCA3500C9C6D7 /* Images.xcassets in Resources */,
			);
			runOnlyForDeploymentPostprocessing = 0;
		};
		4DC2BF1E18CCCA3500C9C6D7 /* Resources */ = {
			isa = PBXResourcesBuildPhase;
			buildActionMask = 2147483647;
			files = (
				4DC2BF2C18CCCA3500C9C6D7 /* InfoPlist.strings in Resources */,
			);
			runOnlyForDeploymentPostprocessing = 0;
		};
/* End PBXResourcesBuildPhase section */

/* Begin PBXSourcesBuildPhase section */
		4DC2BF0118CCCA3500C9C6D7 /* Sources */ = {
			isa = PBXSourcesBuildPhase;
			buildActionMask = 2147483647;
			files = (
				4DC2BF3918CCCA4600C9C6D7 /* MapViewController.m in Sources */,
				4DC2BF1918CCCA3500C9C6D7 /* AppDelegate.m in Sources */,
				4D8BE92218CE99DD005AB117 /* MyAnnotation.m in Sources */,
				4DC2BF1518CCCA3500C9C6D7 /* main.m in Sources */,
			);
			runOnlyForDeploymentPostprocessing = 0;
		};
		4DC2BF1C18CCCA3500C9C6D7 /* Sources */ = {
			isa = PBXSourcesBuildPhase;
			buildActionMask = 2147483647;
			files = (
				4DC2BF2E18CCCA3500C9C6D7 /* TestForMapKitTests.m in Sources */,
			);
			runOnlyForDeploymentPostprocessing = 0;
		};
/* End PBXSourcesBuildPhase section */

/* Begin PBXTargetDependency section */
		4DC2BF2618CCCA3500C9C6D7 /* PBXTargetDependency */ = {
			isa = PBXTargetDependency;
			target = 4DC2BF0418CCCA3500C9C6D7 /* TestForMapKit */;
			targetProxy = 4DC2BF2518CCCA3500C9C6D7 /* PBXContainerItemProxy */;
		};
/* End PBXTargetDependency section */

/* Begin PBXVariantGroup section */
		4DC2BF1118CCCA3500C9C6D7 /* InfoPlist.strings */ = {
			isa = PBXVariantGroup;
			children = (
				4DC2BF1218CCCA3500C9C6D7 /* en */,
			);
			name = InfoPlist.strings;
			sourceTree = "<group>";
		};
		4DC2BF2A18CCCA3500C9C6D7 /* InfoPlist.strings */ = {
			isa = PBXVariantGroup;
			children = (
				4DC2BF2B18CCCA3500C9C6D7 /* en */,
			);
			name = InfoPlist.strings;
			sourceTree = "<group>";
		};
/* End PBXVariantGroup section */

/* Begin XCBuildConfiguration section */
		4DC2BF2F18CCCA3500C9C6D7 /* Debug */ = {
			isa = XCBuildConfiguration;
			buildSettings = {
				ALWAYS_SEARCH_USER_PATHS = NO;
				ARCHS = "$(ARCHS_STANDARD_INCLUDING_64_BIT)";
				CLANG_CXX_LANGUAGE_STANDARD = "gnu++0x";
				CLANG_CXX_LIBRARY = "libc++";
				CLANG_ENABLE_MODULES = YES;
				CLANG_ENABLE_OBJC_ARC = YES;
				CLANG_WARN_BOOL_CONVERSION = YES;
				CLANG_WARN_CONSTANT_CONVERSION = YES;
				CLANG_WARN_DIRECT_OBJC_ISA_USAGE = YES_ERROR;
				CLANG_WARN_EMPTY_BODY = YES;
				CLANG_WARN_ENUM_CONVERSION = YES;
				CLANG_WARN_INT_CONVERSION = YES;
				CLANG_WARN_OBJC_ROOT_CLASS = YES_ERROR;
				CLANG_WARN__DUPLICATE_METHOD_MATCH = YES;
				"CODE_SIGN_IDENTITY[sdk=iphoneos*]" = "iPhone Developer";
				COPY_PHASE_STRIP = NO;
				GCC_C_LANGUAGE_STANDARD = gnu99;
				GCC_DYNAMIC_NO_PIC = NO;
				GCC_OPTIMIZATION_LEVEL = 0;
				GCC_PREPROCESSOR_DEFINITIONS = (
					"DEBUG=1",
					"$(inherited)",
				);
				GCC_SYMBOLS_PRIVATE_EXTERN = NO;
				GCC_WARN_64_TO_32_BIT_CONVERSION = YES;
				GCC_WARN_ABOUT_RETURN_TYPE = YES_ERROR;
				GCC_WARN_UNDECLARED_SELECTOR = YES;
				GCC_WARN_UNINITIALIZED_AUTOS = YES;
				GCC_WARN_UNUSED_FUNCTION = YES;
				GCC_WARN_UNUSED_VARIABLE = YES;
				IPHONEOS_DEPLOYMENT_TARGET = 7.0;
				ONLY_ACTIVE_ARCH = YES;
				SDKROOT = iphoneos;
			};
			name = Debug;
		};
		4DC2BF3018CCCA3500C9C6D7 /* Release */ = {
			isa = XCBuildConfiguration;
			buildSettings = {
				ALWAYS_SEARCH_USER_PATHS = NO;
				ARCHS = "$(ARCHS_STANDARD_INCLUDING_64_BIT)";
				CLANG_CXX_LANGUAGE_STANDARD = "gnu++0x";
				CLANG_CXX_LIBRARY = "libc++";
				CLANG_ENABLE_MODULES = YES;
				CLANG_ENABLE_OBJC_ARC = YES;
				CLANG_WARN_BOOL_CONVERSION = YES;
				CLANG_WARN_CONSTANT_CONVERSION = YES;
				CLANG_WARN_DIRECT_OBJC_ISA_USAGE = YES_ERROR;
				CLANG_WARN_EMPTY_BODY = YES;
				CLANG_WARN_ENUM_CONVERSION = YES;
				CLANG_WARN_INT_CONVERSION = YES;
				CLANG_WARN_OBJC_ROOT_CLASS = YES_ERROR;
				CLANG_WARN__DUPLICATE_METHOD_MATCH = YES;
				"CODE_SIGN_IDENTITY[sdk=iphoneos*]" = "iPhone Developer";
				COPY_PHASE_STRIP = YES;
				ENABLE_NS_ASSERTIONS = NO;
				GCC_C_LANGUAGE_STANDARD = gnu99;
				GCC_WARN_64_TO_32_BIT_CONVERSION = YES;
				GCC_WARN_ABOUT_RETURN_TYPE = YES_ERROR;
				GCC_WARN_UNDECLARED_SELECTOR = YES;
				GCC_WARN_UNINITIALIZED_AUTOS = YES;
				GCC_WARN_UNUSED_FUNCTION = YES;
				GCC_WARN_UNUSED_VARIABLE = YES;
				IPHONEOS_DEPLOYMENT_TARGET = 7.0;
				SDKROOT = iphoneos;
				VALIDATE_PRODUCT = YES;
			};
			name = Release;
		};
		4DC2BF3218CCCA3500C9C6D7 /* Debug */ = {
			isa = XCBuildConfiguration;
			buildSettings = {
				ASSETCATALOG_COMPILER_APPICON_NAME = AppIcon;
				ASSETCATALOG_COMPILER_LAUNCHIMAGE_NAME = LaunchImage;
				GCC_PRECOMPILE_PREFIX_HEADER = YES;
				GCC_PREFIX_HEADER = "TestForMapKit/TestForMapKit-Prefix.pch";
				INFOPLIST_FILE = "TestForMapKit/TestForMapKit-Info.plist";
				PRODUCT_NAME = "$(TARGET_NAME)";
				WRAPPER_EXTENSION = app;
			};
			name = Debug;
		};
		4DC2BF3318CCCA3500C9C6D7 /* Release */ = {
			isa = XCBuildConfiguration;
			buildSettings = {
				ASSETCATALOG_COMPILER_APPICON_NAME = AppIcon;
				ASSETCATALOG_COMPILER_LAUNCHIMAGE_NAME = LaunchImage;
				GCC_PRECOMPILE_PREFIX_HEADER = YES;
				GCC_PREFIX_HEADER = "TestForMapKit/TestForMapKit-Prefix.pch";
				INFOPLIST_FILE = "TestForMapKit/TestForMapKit-Info.plist";
				PRODUCT_NAME = "$(TARGET_NAME)";
				WRAPPER_EXTENSION = app;
			};
			name = Release;
		};
		4DC2BF3518CCCA3500C9C6D7 /* Debug */ = {
			isa = XCBuildConfiguration;
			buildSettings = {
				ARCHS = "$(ARCHS_STANDARD_INCLUDING_64_BIT)";
				BUNDLE_LOADER = "$(BUILT_PRODUCTS_DIR)/TestForMapKit.app/TestForMapKit";
				FRAMEWORK_SEARCH_PATHS = (
					"$(SDKROOT)/Developer/Library/Frameworks",
					"$(inherited)",
					"$(DEVELOPER_FRAMEWORKS_DIR)",
				);
				GCC_PRECOMPILE_PREFIX_HEADER = YES;
				GCC_PREFIX_HEADER = "TestForMapKit/TestForMapKit-Prefix.pch";
				GCC_PREPROCESSOR_DEFINITIONS = (
					"DEBUG=1",
					"$(inherited)",
				);
				INFOPLIST_FILE = "TestForMapKitTests/TestForMapKitTests-Info.plist";
				PRODUCT_NAME = "$(TARGET_NAME)";
				TEST_HOST = "$(BUNDLE_LOADER)";
				WRAPPER_EXTENSION = xctest;
			};
			name = Debug;
		};
		4DC2BF3618CCCA3500C9C6D7 /* Release */ = {
			isa = XCBuildConfiguration;
			buildSettings = {
				ARCHS = "$(ARCHS_STANDARD_INCLUDING_64_BIT)";
				BUNDLE_LOADER = "$(BUILT_PRODUCTS_DIR)/TestForMapKit.app/TestForMapKit";
				FRAMEWORK_SEARCH_PATHS = (
					"$(SDKROOT)/Developer/Library/Frameworks",
					"$(inherited)",
					"$(DEVELOPER_FRAMEWORKS_DIR)",
				);
				GCC_PRECOMPILE_PREFIX_HEADER = YES;
				GCC_PREFIX_HEADER = "TestForMapKit/TestForMapKit-Prefix.pch";
				INFOPLIST_FILE = "TestForMapKitTests/TestForMapKitTests-Info.plist";
				PRODUCT_NAME = "$(TARGET_NAME)";
				TEST_HOST = "$(BUNDLE_LOADER)";
				WRAPPER_EXTENSION = xctest;
			};
			name = Release;
		};
/* End XCBuildConfiguration section */

/* Begin XCConfigurationList section */
		4DC2BF0018CCCA3500C9C6D7 /* Build configuration list for PBXProject "TestForMapKit" */ = {
			isa = XCConfigurationList;
			buildConfigurations = (
				4DC2BF2F18CCCA3500C9C6D7 /* Debug */,
				4DC2BF3018CCCA3500C9C6D7 /* Release */,
			);
			defaultConfigurationIsVisible = 0;
			defaultConfigurationName = Release;
		};
		4DC2BF3118CCCA3500C9C6D7 /* Build configuration list for PBXNativeTarget "TestForMapKit" */ = {
			isa = XCConfigurationList;
			buildConfigurations = (
				4DC2BF3218CCCA3500C9C6D7 /* Debug */,
				4DC2BF3318CCCA3500C9C6D7 /* Release */,
			);
			defaultConfigurationIsVisible = 0;
			defaultConfigurationName = Release;
		};
		4DC2BF3418CCCA3500C9C6D7 /* Build configuration list for PBXNativeTarget "TestForMapKitTests" */ = {
			isa = XCConfigurationList;
			buildConfigurations = (
				4DC2BF3518CCCA3500C9C6D7 /* Debug */,
				4DC2BF3618CCCA3500C9C6D7 /* Release */,
			);
			defaultConfigurationIsVisible = 0;
			defaultConfigurationName = Release;
		};
/* End XCConfigurationList section */
	};
	rootObject = 4DC2BEFD18CCCA3500C9C6D7 /* Project object */;
}
